
Microsoft Visual Studio Solution File, Format Version 12.00
# Visual Studio Version 17
VisualStudioVersion = 17.0.31912.275
MinimumVisualStudioVersion = 10.0.40219.1
Project("{FAE04EC0-301F-11D3-BF4B-00C04F79EFBC}") = "Computerized Membership fees and events Management System", "Computerized Membership fees and events Management System\Computerized Membership fees and events Management System.csproj", "{6BE23856-DFF7-4798-88CB-2AA9DF048004}"
EndProject
Global
	GlobalSection(SolutionConfigurationPlatforms) = preSolution
		Debug|Any CPU = Debug|Any CPU
		Release|Any CPU = Release|Any CPU
	EndGlobalSection
	GlobalSection(ProjectConfigurationPlatforms) = postSolution
		{6BE23856-DFF7-4798-88CB-2AA9DF048004}.Debug|Any CPU.ActiveCfg = Debug|Any CPU
		{6BE23856-DFF7-4798-88CB-2AA9DF048004}.Debug|Any CPU.Build.0 = Debug|Any CPU
		{6BE23856-DFF7-4798-88CB-2AA9DF048004}.Release|Any CPU.ActiveCfg = Release|Any CPU
		{6BE23856-DFF7-4798-88CB-2AA9DF048004}.Release|Any CPU.Build.0 = Release|Any CPU
	EndGlobalSection
	GlobalSection(SolutionProperties) = preSolution
		HideSolutionNode = FALSE
	EndGlobalSection
	GlobalSection(ExtensibilityGlobals) = postSolution
		SolutionGuid = {5A3C61AD-EDF2-4526-A02E-3B4A15FF82C0}
	EndGlobalSection
EndGlobal
